
Microsoft Visual Studio Solution File, Format Version 12.00
# Visual Studio 15
VisualStudioVersion = 15.0.26730.12
MinimumVisualStudioVersion = 10.0.40219.1
Project("{FAE04EC0-301F-11D3-BF4B-00C04F79EFBC}") = "Shooter", "Shooter\Shooter.csproj", "{DBBC324F-9592-493D-B1AE-2D60FEB2A1FD}"
EndProject
Project("{FAE04EC0-301F-11D3-BF4B-00C04F79EFBC}") = "AdapterTest", "Testing\AdapterTest.csproj", "{071037CC-2584-4C3E-93BA-61D264249648}"
EndProject
Project("{FAE04EC0-301F-11D3-BF4B-00C04F79EFBC}") = "ObserverTest", "ObserverTest\ObserverTest.csproj", "{119E3BE2-E2F9-46E0-A28D-5D3B8CECA992}"
EndProject
Global
	GlobalSection(SolutionConfigurationPlatforms) = preSolution
		Debug|Any CPU = Debug|Any CPU
		Debug|x86 = Debug|x86
		Release|Any CPU = Release|Any CPU
		Release|x86 = Release|x86
	EndGlobalSection
	GlobalSection(ProjectConfigurationPlatforms) = postSolution
		{DBBC324F-9592-493D-B1AE-2D60FEB2A1FD}.Debug|Any CPU.ActiveCfg = Debug|x86
		{DBBC324F-9592-493D-B1AE-2D60FEB2A1FD}.Debug|x86.ActiveCfg = Debug|x86
		{DBBC324F-9592-493D-B1AE-2D60FEB2A1FD}.Debug|x86.Build.0 = Debug|x86
		{DBBC324F-9592-493D-B1AE-2D60FEB2A1FD}.Release|Any CPU.ActiveCfg = Release|x86
		{DBBC324F-9592-493D-B1AE-2D60FEB2A1FD}.Release|x86.ActiveCfg = Release|x86
		{DBBC324F-9592-493D-B1AE-2D60FEB2A1FD}.Release|x86.Build.0 = Release|x86
		{071037CC-2584-4C3E-93BA-61D264249648}.Debug|Any CPU.ActiveCfg = Debug|Any CPU
		{071037CC-2584-4C3E-93BA-61D264249648}.Debug|Any CPU.Build.0 = Debug|Any CPU
		{071037CC-2584-4C3E-93BA-61D264249648}.Debug|x86.ActiveCfg = Debug|Any CPU
		{071037CC-2584-4C3E-93BA-61D264249648}.Debug|x86.Build.0 = Debug|Any CPU
		{071037CC-2584-4C3E-93BA-61D264249648}.Release|Any CPU.ActiveCfg = Release|Any CPU
		{071037CC-2584-4C3E-93BA-61D264249648}.Release|Any CPU.Build.0 = Release|Any CPU
		{071037CC-2584-4C3E-93BA-61D264249648}.Release|x86.ActiveCfg = Release|Any CPU
		{071037CC-2584-4C3E-93BA-61D264249648}.Release|x86.Build.0 = Release|Any CPU
		{119E3BE2-E2F9-46E0-A28D-5D3B8CECA992}.Debug|Any CPU.ActiveCfg = Debug|Any CPU
		{119E3BE2-E2F9-46E0-A28D-5D3B8CECA992}.Debug|Any CPU.Build.0 = Debug|Any CPU
		{119E3BE2-E2F9-46E0-A28D-5D3B8CECA992}.Debug|x86.ActiveCfg = Debug|Any CPU
		{119E3BE2-E2F9-46E0-A28D-5D3B8CECA992}.Debug|x86.Build.0 = Debug|Any CPU
		{119E3BE2-E2F9-46E0-A28D-5D3B8CECA992}.Release|Any CPU.ActiveCfg = Release|Any CPU
		{119E3BE2-E2F9-46E0-A28D-5D3B8CECA992}.Release|Any CPU.Build.0 = Release|Any CPU
		{119E3BE2-E2F9-46E0-A28D-5D3B8CECA992}.Release|x86.ActiveCfg = Release|Any CPU
		{119E3BE2-E2F9-46E0-A28D-5D3B8CECA992}.Release|x86.Build.0 = Release|Any CPU
	EndGlobalSection
	GlobalSection(SolutionProperties) = preSolution
		HideSolutionNode = FALSE
	EndGlobalSection
	GlobalSection(ExtensibilityGlobals) = postSolution
		SolutionGuid = {EDDBB738-9B8E-4B12-BAAD-60F33B875CCE}
	EndGlobalSection
EndGlobal
